
Microsoft Visual Studio Solution File, Format Version 12.00
# Visual Studio Version 17
VisualStudioVersion = 17.5.33424.131
MinimumVisualStudioVersion = 10.0.40219.1
Project("{9A19103F-16F7-4668-BE54-9A1E7A4F7556}") = "Task2_Class", "Task2_Class.csproj", "{0C6FE6EF-DB0C-4454-817B-0BDB26CFD872}"
EndProject
Global
	GlobalSection(SolutionConfigurationPlatforms) = preSolution
		Debug|Any CPU = Debug|Any CPU
		Release|Any CPU = Release|Any CPU
	EndGlobalSection
	GlobalSection(ProjectConfigurationPlatforms) = postSolution
		{0C6FE6EF-DB0C-4454-817B-0BDB26CFD872}.Debug|Any CPU.ActiveCfg = Debug|Any CPU
		{0C6FE6EF-DB0C-4454-817B-0BDB26CFD872}.Debug|Any CPU.Build.0 = Debug|Any CPU
		{0C6FE6EF-DB0C-4454-817B-0BDB26CFD872}.Release|Any CPU.ActiveCfg = Release|Any CPU
		{0C6FE6EF-DB0C-4454-817B-0BDB26CFD872}.Release|Any CPU.Build.0 = Release|Any CPU
	EndGlobalSection
	GlobalSection(SolutionProperties) = preSolution
		HideSolutionNode = FALSE
	EndGlobalSection
	GlobalSection(ExtensibilityGlobals) = postSolution
		SolutionGuid = {0FC5DCC7-A174-439A-B2AA-BA0DF3E9EB0F}
	EndGlobalSection
EndGlobal
